
Microsoft Visual Studio Solution File, Format Version 12.00
# Visual Studio Version 16
VisualStudioVersion = 16.0.33027.164
MinimumVisualStudioVersion = 10.0.40219.1
Project("{FAE04EC0-301F-11D3-BF4B-00C04F79EFBC}") = "Lab 2", "Lab 2\Lab 2.csproj", "{27831A42-356B-471B-9009-5185D44BE5FB}"
EndProject
Global
	GlobalSection(SolutionConfigurationPlatforms) = preSolution
		Debug|Any CPU = Debug|Any CPU
		Release|Any CPU = Release|Any CPU
	EndGlobalSection
	GlobalSection(ProjectConfigurationPlatforms) = postSolution
		{27831A42-356B-471B-9009-5185D44BE5FB}.Debug|Any CPU.ActiveCfg = Debug|Any CPU
		{27831A42-356B-471B-9009-5185D44BE5FB}.Debug|Any CPU.Build.0 = Debug|Any CPU
		{27831A42-356B-471B-9009-5185D44BE5FB}.Release|Any CPU.ActiveCfg = Release|Any CPU
		{27831A42-356B-471B-9009-5185D44BE5FB}.Release|Any CPU.Build.0 = Release|Any CPU
	EndGlobalSection
	GlobalSection(SolutionProperties) = preSolution
		HideSolutionNode = FALSE
	EndGlobalSection
	GlobalSection(ExtensibilityGlobals) = postSolution
		SolutionGuid = {47878124-7AAB-4874-B0FD-B8E0EE37680A}
	EndGlobalSection
EndGlobal
